
Microsoft Visual Studio Solution File, Format Version 12.00
# Visual Studio Version 16
VisualStudioVersion = 16.0.31025.194
MinimumVisualStudioVersion = 10.0.40219.1
Project("{9A19103F-16F7-4668-BE54-9A1E7A4F7556}") = "KwadratenStrings", "KwadratenStrings\KwadratenStrings.csproj", "{96EB4167-023A-42E5-B79F-16066DC303EB}"
EndProject
Project("{9A19103F-16F7-4668-BE54-9A1E7A4F7556}") = "KwadratenStringsTests", "KwadratenStringsTests\KwadratenStringsTests.csproj", "{235BE1D3-4115-4654-8540-8EE04CFA449C}"
EndProject
Project("{9A19103F-16F7-4668-BE54-9A1E7A4F7556}") = "Hoger1000", "Hoger1000\Hoger1000.csproj", "{B6DE8E6D-C687-4662-951E-3651738AF5F6}"
EndProject
Project("{9A19103F-16F7-4668-BE54-9A1E7A4F7556}") = "Hoger1000Tests", "Hoger1000Tests\Hoger1000Tests.csproj", "{032DA537-6507-454D-9B57-4E93C0135AAA}"
EndProject
Project("{9A19103F-16F7-4668-BE54-9A1E7A4F7556}") = "BigInt", "BigInt\BigInt.csproj", "{4832A3A3-E356-4D5D-B8DA-9523EE20FCA2}"
EndProject
Project("{FAE04EC0-301F-11D3-BF4B-00C04F79EFBC}") = "BigIntTests", "BigIntTests\BigIntTests.csproj", "{4CD724DD-A9D3-4179-A0AC-996481560F79}"
EndProject
Project("{FAE04EC0-301F-11D3-BF4B-00C04F79EFBC}") = "Kliek", "Kliek\Kliek.csproj", "{90D8C383-D697-480D-AEF7-A20FBD74FD1E}"
EndProject
Project("{FAE04EC0-301F-11D3-BF4B-00C04F79EFBC}") = "KliekTests", "KliekTests\KliekTests.csproj", "{64465463-2523-4640-886D-8C3300852A40}"
EndProject
Global
	GlobalSection(SolutionConfigurationPlatforms) = preSolution
		Debug|Any CPU = Debug|Any CPU
		Release|Any CPU = Release|Any CPU
	EndGlobalSection
	GlobalSection(ProjectConfigurationPlatforms) = postSolution
		{96EB4167-023A-42E5-B79F-16066DC303EB}.Debug|Any CPU.ActiveCfg = Debug|Any CPU
		{96EB4167-023A-42E5-B79F-16066DC303EB}.Debug|Any CPU.Build.0 = Debug|Any CPU
		{96EB4167-023A-42E5-B79F-16066DC303EB}.Release|Any CPU.ActiveCfg = Release|Any CPU
		{96EB4167-023A-42E5-B79F-16066DC303EB}.Release|Any CPU.Build.0 = Release|Any CPU
		{235BE1D3-4115-4654-8540-8EE04CFA449C}.Debug|Any CPU.ActiveCfg = Debug|Any CPU
		{235BE1D3-4115-4654-8540-8EE04CFA449C}.Debug|Any CPU.Build.0 = Debug|Any CPU
		{235BE1D3-4115-4654-8540-8EE04CFA449C}.Release|Any CPU.ActiveCfg = Release|Any CPU
		{235BE1D3-4115-4654-8540-8EE04CFA449C}.Release|Any CPU.Build.0 = Release|Any CPU
		{B6DE8E6D-C687-4662-951E-3651738AF5F6}.Debug|Any CPU.ActiveCfg = Debug|Any CPU
		{B6DE8E6D-C687-4662-951E-3651738AF5F6}.Debug|Any CPU.Build.0 = Debug|Any CPU
		{B6DE8E6D-C687-4662-951E-3651738AF5F6}.Release|Any CPU.ActiveCfg = Release|Any CPU
		{B6DE8E6D-C687-4662-951E-3651738AF5F6}.Release|Any CPU.Build.0 = Release|Any CPU
		{032DA537-6507-454D-9B57-4E93C0135AAA}.Debug|Any CPU.ActiveCfg = Debug|Any CPU
		{032DA537-6507-454D-9B57-4E93C0135AAA}.Debug|Any CPU.Build.0 = Debug|Any CPU
		{032DA537-6507-454D-9B57-4E93C0135AAA}.Release|Any CPU.ActiveCfg = Release|Any CPU
		{032DA537-6507-454D-9B57-4E93C0135AAA}.Release|Any CPU.Build.0 = Release|Any CPU
		{4832A3A3-E356-4D5D-B8DA-9523EE20FCA2}.Debug|Any CPU.ActiveCfg = Debug|Any CPU
		{4832A3A3-E356-4D5D-B8DA-9523EE20FCA2}.Debug|Any CPU.Build.0 = Debug|Any CPU
		{4832A3A3-E356-4D5D-B8DA-9523EE20FCA2}.Release|Any CPU.ActiveCfg = Release|Any CPU
		{4832A3A3-E356-4D5D-B8DA-9523EE20FCA2}.Release|Any CPU.Build.0 = Release|Any CPU
		{4CD724DD-A9D3-4179-A0AC-996481560F79}.Debug|Any CPU.ActiveCfg = Debug|Any CPU
		{4CD724DD-A9D3-4179-A0AC-996481560F79}.Debug|Any CPU.Build.0 = Debug|Any CPU
		{4CD724DD-A9D3-4179-A0AC-996481560F79}.Release|Any CPU.ActiveCfg = Release|Any CPU
		{4CD724DD-A9D3-4179-A0AC-996481560F79}.Release|Any CPU.Build.0 = Release|Any CPU
		{90D8C383-D697-480D-AEF7-A20FBD74FD1E}.Debug|Any CPU.ActiveCfg = Debug|Any CPU
		{90D8C383-D697-480D-AEF7-A20FBD74FD1E}.Debug|Any CPU.Build.0 = Debug|Any CPU
		{90D8C383-D697-480D-AEF7-A20FBD74FD1E}.Release|Any CPU.ActiveCfg = Release|Any CPU
		{90D8C383-D697-480D-AEF7-A20FBD74FD1E}.Release|Any CPU.Build.0 = Release|Any CPU
		{64465463-2523-4640-886D-8C3300852A40}.Debug|Any CPU.ActiveCfg = Debug|Any CPU
		{64465463-2523-4640-886D-8C3300852A40}.Debug|Any CPU.Build.0 = Debug|Any CPU
		{64465463-2523-4640-886D-8C3300852A40}.Release|Any CPU.ActiveCfg = Release|Any CPU
		{64465463-2523-4640-886D-8C3300852A40}.Release|Any CPU.Build.0 = Release|Any CPU
	EndGlobalSection
	GlobalSection(SolutionProperties) = preSolution
		HideSolutionNode = FALSE
	EndGlobalSection
	GlobalSection(ExtensibilityGlobals) = postSolution
		SolutionGuid = {238C382A-0489-4F9B-A9DF-DB2C148C099E}
	EndGlobalSection
EndGlobal
